// !$*UTF8*$!
{
	archiveVersion = 1;
	classes = {
	};
	objectVersion = 46;
	objects = {

/* Begin PBXBuildFile section */
		BC03A6C61CAE50F90012AB26 /* main.m in Sources */ = {isa = PBXBuildFile; fileRef = BC03A6C51CAE50F90012AB26 /* main.m */; };
		BC03A6C91CAE50F90012AB26 /* AppDelegate.m in Sources */ = {isa = PBXBuildFile; fileRef = BC03A6C81CAE50F90012AB26 /* AppDelegate.m */; };
		BC03A6CC1CAE50F90012AB26 /* ViewController.m in Sources */ = {isa = PBXBuildFile; fileRef = BC03A6CB1CAE50F90012AB26 /* ViewController.m */; };
		BC03A6CF1CAE50F90012AB26 /* Main.storyboard in Resources */ = {isa = PBXBuildFile; fileRef = BC03A6CD1CAE50F90012AB26 /* Main.storyboard */; };
		BC03A6D11CAE50F90012AB26 /* Assets.xcassets in Resources */ = {isa = PBXBuildFile; fileRef = BC03A6D01CAE50F90012AB26 /* Assets.xcassets */; };
		BC03A6D41CAE50F90012AB26 /* LaunchScreen.storyboard in Resources */ = {isa = PBXBuildFile; fileRef = BC03A6D21CAE50F90012AB26 /* LaunchScreen.storyboard */; };
		BC03A6DD1CAE54E20012AB26 /* PersonB.m in Sources */ = {isa = PBXBuildFile; fileRef = BC03A6DC1CAE54E20012AB26 /* PersonB.m */; };
/* End PBXBuildFile section */

/* Begin PBXFileReference section */
		BC03A6C11CAE50F90012AB26 /* gitDemo.app */ = {isa = PBXFileReference; explicitFileType = wrapper.application; includeInIndex = 0; path = gitDemo.app; sourceTree = BUILT_PRODUCTS_DIR; };
		BC03A6C51CAE50F90012AB26 /* main.m */ = {isa = PBXFileReference; lastKnownFileType = sourcecode.c.objc; path = main.m; sourceTree = "<group>"; };
		BC03A6C71CAE50F90012AB26 /* AppDelegate.h */ = {isa = PBXFileReference; lastKnownFileType = sourcecode.c.h; path = AppDelegate.h; sourceTree = "<group>"; };
		BC03A6C81CAE50F90012AB26 /* AppDelegate.m */ = {isa = PBXFileReference; lastKnownFileType = sourcecode.c.objc; path = AppDelegate.m; sourceTree = "<group>"; };
		BC03A6CA1CAE50F90012AB26 /* ViewController.h */ = {isa = PBXFileReference; lastKnownFileType = sourcecode.c.h; path = ViewController.h; sourceTree = "<group>"; };
		BC03A6CB1CAE50F90012AB26 /* ViewController.m */ = {isa = PBXFileReference; lastKnownFileType = sourcecode.c.objc; path = ViewController.m; sourceTree = "<group>"; };
		BC03A6CE1CAE50F90012AB26 /* Base */ = {isa = PBXFileReference; lastKnownFileType = file.storyboard; name = Base; path = Base.lproj/Main.storyboard; sourceTree = "<group>"; };
		BC03A6D01CAE50F90012AB26 /* Assets.xcassets */ = {isa = PBXFileReference; lastKnownFileType = folder.assetcatalog; path = Assets.xcassets; sourceTree = "<group>"; };
		BC03A6D31CAE50F90012AB26 /* Base */ = {isa = PBXFileReference; lastKnownFileType = file.storyboard; name = Base; path = Base.lproj/LaunchScreen.storyboard; sourceTree = "<group>"; };
		BC03A6D51CAE50F90012AB26 /* Info.plist */ = {isa = PBXFileReference; lastKnownFileType = text.plist.xml; path = Info.plist; sourceTree = "<group>"; };
		BC03A6DB1CAE54E20012AB26 /* PersonB.h */ = {isa = PBXFileReference; fileEncoding = 4; lastKnownFileType = sourcecode.c.h; path = PersonB.h; sourceTree = "<group>"; };
		BC03A6DC1CAE54E20012AB26 /* PersonB.m */ = {isa = PBXFileReference; fileEncoding = 4; lastKnownFileType = sourcecode.c.objc; path = PersonB.m; sourceTree = "<group>"; };
/* End PBXFileReference section */

/* Begin PBXFrameworksBuildPhase section */
		BC03A6BE1CAE50F80012AB26 /* Frameworks */ = {
			isa = PBXFrameworksBuildPhase;
			buildActionMask = 2147483647;
			files = (
			);
			runOnlyForDeploymentPostprocessing = 0;
		};
/* End PBXFrameworksBuildPhase section */

/* Begin PBXGroup section */
		BC03A6B81CAE50F80012AB26 = {
			isa = PBXGroup;
			children = (
				BC03A6C31CAE50F90012AB26 /* gitDemo */,
				BC03A6C21CAE50F90012AB26 /* Products */,
			);
			sourceTree = "<group>";
		};
		BC03A6C21CAE50F90012AB26 /* Products */ = {
			isa = PBXGroup;
			children = (
				BC03A6C11CAE50F90012AB26 /* gitDemo.app */,
			);
			name = Products;
			sourceTree = "<group>";
		};
		BC03A6C31CAE50F90012AB26 /* gitDemo */ = {
			isa = PBXGroup;
			children = (
				BC03A6DE1CAE54F50012AB26 /* B */,
				BC03A6C71CAE50F90012AB26 /* AppDelegate.h */,
				BC03A6C81CAE50F90012AB26 /* AppDelegate.m */,
				BC03A6CA1CAE50F90012AB26 /* ViewController.h */,
				BC03A6CB1CAE50F90012AB26 /* ViewController.m */,
				BC03A6CD1CAE50F90012AB26 /* Main.storyboard */,
				BC03A6D01CAE50F90012AB26 /* Assets.xcassets */,
				BC03A6D21CAE50F90012AB26 /* LaunchScreen.storyboard */,
				BC03A6D51CAE50F90012AB26 /* Info.plist */,
				BC03A6C41CAE50F90012AB26 /* Supporting Files */,
			);
			path = gitDemo;
			sourceTree = "<group>";
		};
		BC03A6C41CAE50F90012AB26 /* Supporting Files */ = {
			isa = PBXGroup;
			children = (
				BC03A6C51CAE50F90012AB26 /* main.m */,
			);
			name = "Supporting Files";
			sourceTree = "<group>";
		};
		BC03A6DE1CAE54F50012AB26 /* B */ = {
			isa = PBXGroup;
			children = (
				BC03A6DB1CAE54E20012AB26 /* PersonB.h */,
				BC03A6DC1CAE54E20012AB26 /* PersonB.m */,
			);
			name = B;
			sourceTree = "<group>";
		};
/* End PBXGroup section */

/* Begin PBXNativeTarget section */
		BC03A6C01CAE50F80012AB26 /* gitDemo */ = {
			isa = PBXNativeTarget;
			buildConfigurationList = BC03A6D81CAE50F90012AB26 /* Build configuration list for PBXNativeTarget "gitDemo" */;
			buildPhases = (
				BC03A6BD1CAE50F80012AB26 /* Sources */,
				BC03A6BE1CAE50F80012AB26 /* Frameworks */,
				BC03A6BF1CAE50F80012AB26 /* Resources */,
			);
			buildRules = (
			);
			dependencies = (
			);
			name = gitDemo;
			productName = gitDemo;
			productReference = BC03A6C11CAE50F90012AB26 /* gitDemo.app */;
			productType = "com.apple.product-type.application";
		};
/* End PBXNativeTarget section */

/* Begin PBXProject section */
		BC03A6B91CAE50F80012AB26 /* Project object */ = {
			isa = PBXProject;
			attributes = {
				LastUpgradeCheck = 0710;
				ORGANIZATIONNAME = "秦传龙";
				TargetAttributes = {
					BC03A6C01CAE50F80012AB26 = {
						CreatedOnToolsVersion = 7.1;
						DevelopmentTeam = SSF8X63GPK;
					};
				};
			};
			buildConfigurationList = BC03A6BC1CAE50F80012AB26 /* Build configuration list for PBXProject "gitDemo" */;
			compatibilityVersion = "Xcode 3.2";
			developmentRegion = English;
			hasScannedForEncodings = 0;
			knownRegions = (
				en,
				Base,
			);
			mainGroup = BC03A6B81CAE50F80012AB26;
			productRefGroup = BC03A6C21CAE50F90012AB26 /* Products */;
			projectDirPath = "";
			projectRoot = "";
			targets = (
				BC03A6C01CAE50F80012AB26 /* gitDemo */,
			);
		};
/* End PBXProject section */

/* Begin PBXResourcesBuildPhase section */
		BC03A6BF1CAE50F80012AB26 /* Resources */ = {
			isa = PBXResourcesBuildPhase;
			buildActionMask = 2147483647;
			files = (
				BC03A6D41CAE50F90012AB26 /* LaunchScreen.storyboard in Resources */,
				BC03A6D11CAE50F90012AB26 /* Assets.xcassets in Resources */,
				BC03A6CF1CAE50F90012AB26 /* Main.storyboard in Resources */,
			);
			runOnlyForDeploymentPostprocessing = 0;
		};
/* End PBXResourcesBuildPhase section */

/* Begin PBXSourcesBuildPhase section */
		BC03A6BD1CAE50F80012AB26 /* Sources */ = {
			isa = PBXSourcesBuildPhase;
			buildActionMask = 2147483647;
			files = (
				BC03A6CC1CAE50F90012AB26 /* ViewController.m in Sources */,
				BC03A6DD1CAE54E20012AB26 /* PersonB.m in Sources */,
				BC03A6C91CAE50F90012AB26 /* AppDelegate.m in Sources */,
				BC03A6C61CAE50F90012AB26 /* main.m in Sources */,
			);
			runOnlyForDeploymentPostprocessing = 0;
		};
/* End PBXSourcesBuildPhase section */

/* Begin PBXVariantGroup section */
		BC03A6CD1CAE50F90012AB26 /* Main.storyboard */ = {
			isa = PBXVariantGroup;
			children = (
				BC03A6CE1CAE50F90012AB26 /* Base */,
			);
			name = Main.storyboard;
			sourceTree = "<group>";
		};
		BC03A6D21CAE50F90012AB26 /* LaunchScreen.storyboard */ = {
			isa = PBXVariantGroup;
			children = (
				BC03A6D31CAE50F90012AB26 /* Base */,
			);
			name = LaunchScreen.storyboard;
			sourceTree = "<group>";
		};
/* End PBXVariantGroup section */

/* Begin XCBuildConfiguration section */
		BC03A6D61CAE50F90012AB26 /* Debug */ = {
			isa = XCBuildConfiguration;
			buildSettings = {
				ALWAYS_SEARCH_USER_PATHS = NO;
				CLANG_CXX_LANGUAGE_STANDARD = "gnu++0x";
				CLANG_CXX_LIBRARY = "libc++";
				CLANG_ENABLE_MODULES = YES;
				CLANG_ENABLE_OBJC_ARC = YES;
				CLANG_WARN_BOOL_CONVERSION = YES;
				CLANG_WARN_CONSTANT_CONVERSION = YES;
				CLANG_WARN_DIRECT_OBJC_ISA_USAGE = YES_ERROR;
				CLANG_WARN_EMPTY_BODY = YES;
				CLANG_WARN_ENUM_CONVERSION = YES;
				CLANG_WARN_INT_CONVERSION = YES;
				CLANG_WARN_OBJC_ROOT_CLASS = YES_ERROR;
				CLANG_WARN_UNREACHABLE_CODE = YES;
				CLANG_WARN__DUPLICATE_METHOD_MATCH = YES;
				"CODE_SIGN_IDENTITY[sdk=iphoneos*]" = "iPhone Developer";
				COPY_PHASE_STRIP = NO;
				DEBUG_INFORMATION_FORMAT = dwarf;
				ENABLE_STRICT_OBJC_MSGSEND = YES;
				ENABLE_TESTABILITY = YES;
				GCC_C_LANGUAGE_STANDARD = gnu99;
				GCC_DYNAMIC_NO_PIC = NO;
				GCC_NO_COMMON_BLOCKS = YES;
				GCC_OPTIMIZATION_LEVEL = 0;
				GCC_PREPROCESSOR_DEFINITIONS = (
					"DEBUG=1",
					"$(inherited)",
				);
				GCC_WARN_64_TO_32_BIT_CONVERSION = YES;
				GCC_WARN_ABOUT_RETURN_TYPE = YES_ERROR;
				GCC_WARN_UNDECLARED_SELECTOR = YES;
				GCC_WARN_UNINITIALIZED_AUTOS = YES_AGGRESSIVE;
				GCC_WARN_UNUSED_FUNCTION = YES;
				GCC_WARN_UNUSED_VARIABLE = YES;
				IPHONEOS_DEPLOYMENT_TARGET = 9.1;
				MTL_ENABLE_DEBUG_INFO = YES;
				ONLY_ACTIVE_ARCH = YES;
				SDKROOT = iphoneos;
			};
			name = Debug;
		};
		BC03A6D71CAE50F90012AB26 /* Release */ = {
			isa = XCBuildConfiguration;
			buildSettings = {
				ALWAYS_SEARCH_USER_PATHS = NO;
				CLANG_CXX_LANGUAGE_STANDARD = "gnu++0x";
				CLANG_CXX_LIBRARY = "libc++";
				CLANG_ENABLE_MODULES = YES;
				CLANG_ENABLE_OBJC_ARC = YES;
				CLANG_WARN_BOOL_CONVERSION = YES;
				CLANG_WARN_CONSTANT_CONVERSION = YES;
				CLANG_WARN_DIRECT_OBJC_ISA_USAGE = YES_ERROR;
				CLANG_WARN_EMPTY_BODY = YES;
				CLANG_WARN_ENUM_CONVERSION = YES;
				CLANG_WARN_INT_CONVERSION = YES;
				CLANG_WARN_OBJC_ROOT_CLASS = YES_ERROR;
				CLANG_WARN_UNREACHABLE_CODE = YES;
				CLANG_WARN__DUPLICATE_METHOD_MATCH = YES;
				"CODE_SIGN_IDENTITY[sdk=iphoneos*]" = "iPhone Developer";
				COPY_PHASE_STRIP = NO;
				DEBUG_INFORMATION_FORMAT = "dwarf-with-dsym";
				ENABLE_NS_ASSERTIONS = NO;
				ENABLE_STRICT_OBJC_MSGSEND = YES;
				GCC_C_LANGUAGE_STANDARD = gnu99;
				GCC_NO_COMMON_BLOCKS = YES;
				GCC_WARN_64_TO_32_BIT_CONVERSION = YES;
				GCC_WARN_ABOUT_RETURN_TYPE = YES_ERROR;
				GCC_WARN_UNDECLARED_SELECTOR = YES;
				GCC_WARN_UNINITIALIZED_AUTOS = YES_AGGRESSIVE;
				GCC_WARN_UNUSED_FUNCTION = YES;
				GCC_WARN_UNUSED_VARIABLE = YES;
				IPHONEOS_DEPLOYMENT_TARGET = 9.1;
				MTL_ENABLE_DEBUG_INFO = NO;
				SDKROOT = iphoneos;
				VALIDATE_PRODUCT = YES;
			};
			name = Release;
		};
		BC03A6D91CAE50F90012AB26 /* Debug */ = {
			isa = XCBuildConfiguration;
			buildSettings = {
				ASSETCATALOG_COMPILER_APPICON_NAME = AppIcon;
				INFOPLIST_FILE = gitDemo/Info.plist;
				LD_RUNPATH_SEARCH_PATHS = "$(inherited) @executable_path/Frameworks";
				PRODUCT_BUNDLE_IDENTIFIER = com.1521.gitDemo;
				PRODUCT_NAME = "$(TARGET_NAME)";
			};
			name = Debug;
		};
		BC03A6DA1CAE50F90012AB26 /* Release */ = {
			isa = XCBuildConfiguration;
			buildSettings = {
				ASSETCATALOG_COMPILER_APPICON_NAME = AppIcon;
				INFOPLIST_FILE = gitDemo/Info.plist;
				LD_RUNPATH_SEARCH_PATHS = "$(inherited) @executable_path/Frameworks";
				PRODUCT_BUNDLE_IDENTIFIER = com.1521.gitDemo;
				PRODUCT_NAME = "$(TARGET_NAME)";
			};
			name = Release;
		};
/* End XCBuildConfiguration section */

/* Begin XCConfigurationList section */
		BC03A6BC1CAE50F80012AB26 /* Build configuration list for PBXProject "gitDemo" */ = {
			isa = XCConfigurationList;
			buildConfigurations = (
				BC03A6D61CAE50F90012AB26 /* Debug */,
				BC03A6D71CAE50F90012AB26 /* Release */,
			);
			defaultConfigurationIsVisible = 0;
			defaultConfigurationName = Release;
		};
		BC03A6D81CAE50F90012AB26 /* Build configuration list for PBXNativeTarget "gitDemo" */ = {
			isa = XCConfigurationList;
			buildConfigurations = (
				BC03A6D91CAE50F90012AB26 /* Debug */,
				BC03A6DA1CAE50F90012AB26 /* Release */,
			);
			defaultConfigurationIsVisible = 0;
			defaultConfigurationName = Release;
		};
/* End XCConfigurationList section */
	};
	rootObject = BC03A6B91CAE50F80012AB26 /* Project object */;
}
